// !$*UTF8*$!
{
	archiveVersion = 1;
	classes = {
	};
	objectVersion = 77;
	objects = {

/* Begin PBXBuildFile section */
		0496280A559DC37C5B47A701 /* OllamaSetupView.swift in Sources */ = {isa = PBXBuildFile; fileRef = 16E7EB2FBAB28C44B32CB834 /* OllamaSetupView.swift */; };
		051B5E75B48F8348B8D736F5 /* deep_learning.cpython-311.pyc in Resources */ = {isa = PBXBuildFile; fileRef = DCDACB94F4E75AA426D20F5C /* deep_learning.cpython-311.pyc */; };
		085A8EC5188057047E33FBBA /* OllamaService.swift in Sources */ = {isa = PBXBuildFile; fileRef = 26B8DF684009A48B39E26C67 /* OllamaService.swift */; };
		09855E8CBE560945EC01F964 /* Assets.xcassets in Resources */ = {isa = PBXBuildFile; fileRef = 5CD552B5F09360B5BCABC896 /* Assets.xcassets */; };
		0EFE0B0855FFABB1AD63E310 /* cleaning.py in Resources */ = {isa = PBXBuildFile; fileRef = F783D2E01729F7CAFCD8C743 /* cleaning.py */; };
		14B151B69398C4EEEB5297E9 /* PredictionTabView.swift in Sources */ = {isa = PBXBuildFile; fileRef = D7928B28A4483B5F3E002C18 /* PredictionTabView.swift */; };
		178011CDB20183D66838D7B1 /* query_db.py in Resources */ = {isa = PBXBuildFile; fileRef = FD250D9E27667F0684F9B96A /* query_db.py */; };
		17B72300B6D31DF071959B27 /* DataCleaningView.swift in Sources */ = {isa = PBXBuildFile; fileRef = 9C3DFD9D99050387A5EA291E /* DataCleaningView.swift */; };
		1A2B9E0960485CA6BC14552E /* AIService.swift in Sources */ = {isa = PBXBuildFile; fileRef = 91CF3CDAA267E57897F18030 /* AIService.swift */; };
		1D87B95E76C2963B9F865251 /* tabular.cpython-311.pyc in Resources */ = {isa = PBXBuildFile; fileRef = 4D3FC3A93ED0A95002CE7EDF /* tabular.cpython-311.pyc */; };
		217CB12B41AA63AF8B1D5B3F /* analyze.cpython-311.pyc in Resources */ = {isa = PBXBuildFile; fileRef = A3504C96B09B50403E431E00 /* analyze.cpython-311.pyc */; };
		2243569E3F9ED5A56AA8F9C4 /* helpers.cpython-311.pyc in Resources */ = {isa = PBXBuildFile; fileRef = CA98415D758D9ECF06490318 /* helpers.cpython-311.pyc */; };
		240CE722F69C5BCF99EEAC6D /* loader.cpython-311.pyc in Resources */ = {isa = PBXBuildFile; fileRef = 43B18B5AFF90EF954D17CAEE /* loader.cpython-311.pyc */; };
		242ACCE81E9678B9B855F6AC /* ReportCompiler.swift in Sources */ = {isa = PBXBuildFile; fileRef = BE97000C618B91DB55AF3E72 /* ReportCompiler.swift */; };
		25F4E30F25817CB60715E0B8 /* cleaning.cpython-311.pyc in Resources */ = {isa = PBXBuildFile; fileRef = 5B1824D054096B82D16AF771 /* cleaning.cpython-311.pyc */; };
		29641D18C037C33B9C16F82E /* loader.py in Resources */ = {isa = PBXBuildFile; fileRef = 874A91E91B9041211A336B9F /* loader.py */; };
		349314BDD5FFFAE9B7373062 /* OllamaStatusChecker.swift in Sources */ = {isa = PBXBuildFile; fileRef = EFD71F46F7C2873EA5C06D93 /* OllamaStatusChecker.swift */; };
		3B3746562D8ED10C6D92122D /* clustering.py in Resources */ = {isa = PBXBuildFile; fileRef = 5FDEED3F35FC53B5A9CC28E4 /* clustering.py */; };
		3EC11651FB218D12A1DD94FD /* tabular.py in Resources */ = {isa = PBXBuildFile; fileRef = FD99CF1C61CC0C98DC66240B /* tabular.py */; };
		428BEC9F7A31189D0B88C8D9 /* ChartPromptTests.swift in Sources */ = {isa = PBXBuildFile; fileRef = 7BAA86848C954FBFC5A1500E /* ChartPromptTests.swift */; };
		440BD1B765F92FABAD10EA06 /* object_detection.cpython-311.pyc in Resources */ = {isa = PBXBuildFile; fileRef = 1AAD76F283C55B5A70BC8D03 /* object_detection.cpython-311.pyc */; };
		49724A22ABE69218A52C185A /* HTMLToPDFConverter.swift in Sources */ = {isa = PBXBuildFile; fileRef = 036BB7B2813DA346B8701843 /* HTMLToPDFConverter.swift */; };
		4AF5FE88DEDC2C452ACAD94C /* timeseries.cpython-311.pyc in Resources */ = {isa = PBXBuildFile; fileRef = D3B27EAF398677601E3A9BEF /* timeseries.cpython-311.pyc */; };
		4BEE11FA7F9A3DDB4DF197AA /* AppLogger.swift in Sources */ = {isa = PBXBuildFile; fileRef = 8F04E707B7135771590F783F /* AppLogger.swift */; };
		4C361D442FEC9A9000E5E0C3 /* server.py in Resources */ = {isa = PBXBuildFile; fileRef = 4C361D432FEC9A9000E5E0C3 /* server.py */; };
		5612F4215AC7A0BD3F6A137D /* PreviewTableView.swift in Sources */ = {isa = PBXBuildFile; fileRef = 5A3E70D96E31DBF381D493A3 /* PreviewTableView.swift */; };
		5733E0A22FE6B3003D17C175 /* PythonRunnerTests.swift in Sources */ = {isa = PBXBuildFile; fileRef = 22FF8769B92078ECB8BA023D /* PythonRunnerTests.swift */; };
		57973B52D55F9C0741D0C930 /* EnterpriseDatabaseSchedulerTests.swift in Sources */ = {isa = PBXBuildFile; fileRef = AA714F3756E141456F804D26 /* EnterpriseDatabaseSchedulerTests.swift */; };
		5A10366B0E33CCD292263E7D /* deep_learning.py in Resources */ = {isa = PBXBuildFile; fileRef = BE34872FABAC277BE37FA4F5 /* deep_learning.py */; };
		603FDF4097568FD43E23F486 /* AnalysisSchedulerSheet.swift in Sources */ = {isa = PBXBuildFile; fileRef = C691FBB60044F82129817B23 /* AnalysisSchedulerSheet.swift */; };
		630516F1E04DA43A53C63602 /* object_detection.py in Resources */ = {isa = PBXBuildFile; fileRef = 925E18925B25757AC8523B80 /* object_detection.py */; };
		677FE39A7C5C40F1BB87180B /* AIChatPanel.swift in Sources */ = {isa = PBXBuildFile; fileRef = 4CDCD7CB2692DABC3E2EA75E /* AIChatPanel.swift */; };
		677FE39A7C5C40F1BB871890 /* NativeProgressView.swift in Sources */ = {isa = PBXBuildFile; fileRef = 9ED2F02669746860CF490890 /* NativeProgressView.swift */; };
		6A1EC32C557EA07E95BBB981 /* helpers.py in Resources */ = {isa = PBXBuildFile; fileRef = 801D45C07D300201200808EB /* helpers.py */; };
		6B1B3ED8DAD16D7D49050DDF /* FullTableView.swift in Sources */ = {isa = PBXBuildFile; fileRef = E3F243B159C4FFE7FBAE86ED /* FullTableView.swift */; };
		6C248060946ABA1FD810B24A /* ChatViewModel.swift in Sources */ = {isa = PBXBuildFile; fileRef = 7691C69A2C2BAE1C9358197C /* ChatViewModel.swift */; };
		6D9368CDB7207045A93E27A7 /* HistoryItem.swift in Sources */ = {isa = PBXBuildFile; fileRef = 4718EA673E457067CA6C94BA /* HistoryItem.swift */; };
		6E99C77956A059840571F2B5 /* PythonRunner.swift in Sources */ = {isa = PBXBuildFile; fileRef = 4964E50D792A7A2C0DAF554D /* PythonRunner.swift */; };
		72BB40117BC1756B3AF9EE55 /* ExportReportSheet.swift in Sources */ = {isa = PBXBuildFile; fileRef = 401068CD37570487457B1D3C /* ExportReportSheet.swift */; };
		73151D1DB996A6A186E187B9 /* nlp.cpython-311.pyc in Resources */ = {isa = PBXBuildFile; fileRef = 2658715CABC6977191661349 /* nlp.cpython-311.pyc */; };
		76D09CA6AFBFA35E2A530603 /* timeseries.py in Resources */ = {isa = PBXBuildFile; fileRef = 61100B2C70DCAB2960A65C01 /* timeseries.py */; };
		7A3FE47E6897F119029A7AA7 /* DatasetTypeTests.swift in Sources */ = {isa = PBXBuildFile; fileRef = 181EC2D7C47623ED564EC2CB /* DatasetTypeTests.swift */; };
		7A7B39D64922EDC2D952C07C /* profiler.cpython-311.pyc in Resources */ = {isa = PBXBuildFile; fileRef = FEC5E34F747B88A5AB8C7355 /* profiler.cpython-311.pyc */; };
		93AB26B4B55D549635F9AAA9 /* SummaryView.swift in Sources */ = {isa = PBXBuildFile; fileRef = 7FEE37BF68704248704A691D /* SummaryView.swift */; };
		954B4108D0D5DCB423F88591 /* AnalysisScheduler.swift in Sources */ = {isa = PBXBuildFile; fileRef = 666FED69100D6A979729EF3E /* AnalysisScheduler.swift */; };
		9A6F073BB849AE6DCE038137 /* image.py in Resources */ = {isa = PBXBuildFile; fileRef = D1EAB7206F26FEE6CA526B55 /* image.py */; };
		9BD16C0D8C9187130E77BD1E /* ChartsListView.swift in Sources */ = {isa = PBXBuildFile; fileRef = 8855E6A64EE28BF59CD09BE0 /* ChartsListView.swift */; };
		9C799893B31E1D3DBA950DAD /* profiler.py in Resources */ = {isa = PBXBuildFile; fileRef = BFE0A9FA6A6821EF8D5A1728 /* profiler.py */; };
		9EAA1B72CE23B19B87619445 /* ContentView.swift in Sources */ = {isa = PBXBuildFile; fileRef = 8E79BF77BFF47CAD77B65137 /* ContentView.swift */; };
		A21AED96A0471C2581EC2FE7 /* CorrelationMatrixView.swift in Sources */ = {isa = PBXBuildFile; fileRef = 4812E4EAF0ADDE9AE646C7EE /* CorrelationMatrixView.swift */; };
		A3449C7392EA98857DB2606C /* preview.py in Resources */ = {isa = PBXBuildFile; fileRef = 909EAF01F877E18009244DF4 /* preview.py */; };
		A382C645D50ABCE8A36228ED /* KeychainService.swift in Sources */ = {isa = PBXBuildFile; fileRef = D94A9C43791F93BBFF10727E /* KeychainService.swift */; };
		A5B703A9FA86329B0F3AEF64 /* DatabaseConnectionSheet.swift in Sources */ = {isa = PBXBuildFile; fileRef = 2196F0B1AA7CC67450A82F6B /* DatabaseConnectionSheet.swift */; };
		ADF3E9387548DAD87C51F950 /* clustering.cpython-311.pyc in Resources */ = {isa = PBXBuildFile; fileRef = E75831B37FA20E569A94ECE4 /* clustering.cpython-311.pyc */; };
		AF0E0093DD138A984AE2AE07 /* SettingsView.swift in Sources */ = {isa = PBXBuildFile; fileRef = 624F60BF44A6B0961B100408 /* SettingsView.swift */; };
		B31889721D087589EE9CAD80 /* FileMergeSheet.swift in Sources */ = {isa = PBXBuildFile; fileRef = 01C2636FCB70D8699271BDF3 /* FileMergeSheet.swift */; };
		B935576B41719E3EA7CDDC62 /* OnboardingView.swift in Sources */ = {isa = PBXBuildFile; fileRef = 0709C15E39493935E745814C /* OnboardingView.swift */; };
		BE527B0A2F698E100419EF6E /* AnalysisDiffView.swift in Sources */ = {isa = PBXBuildFile; fileRef = 9154FEC5526BFA11EDE8BB41 /* AnalysisDiffView.swift */; };
		C30A9E774BE2C3E50294C4F1 /* ChatMessage.swift in Sources */ = {isa = PBXBuildFile; fileRef = B775FC772BBB757874196464 /* ChatMessage.swift */; };
		C41FB1B2B66DC70A3700C6DD /* charts.py in Resources */ = {isa = PBXBuildFile; fileRef = 9ED2F02669746860CF49087F /* charts.py */; };
		C8CDF47496C18A6FD7467217 /* ModelExportSheet.swift in Sources */ = {isa = PBXBuildFile; fileRef = E26C5C6EDC36ADAAE2F913E1 /* ModelExportSheet.swift */; };
		CC384032B2C8149A84B4ACAF /* charts.cpython-311.pyc in Resources */ = {isa = PBXBuildFile; fileRef = A2574F02325C8D1D195D4B63 /* charts.cpython-311.pyc */; };
		CF308130471B42534BC18080 /* DragDropView.swift in Sources */ = {isa = PBXBuildFile; fileRef = 0748F80EDE9BE8E1331656E0 /* DragDropView.swift */; };
		DA2F4FC541258A07A801F0E5 /* PredictionResult.swift in Sources */ = {isa = PBXBuildFile; fileRef = 7072F45E094FA70B2527C59E /* PredictionResult.swift */; };
		DAB7A5BFCC509E72B7C92EE1 /* analyze.py in Resources */ = {isa = PBXBuildFile; fileRef = 646E55D57E8224D22C2A2172 /* analyze.py */; };
		DE0F025EE7616197EBD575F3 /* preview.cpython-311.pyc in Resources */ = {isa = PBXBuildFile; fileRef = 588CAEB608600B133F3015A9 /* preview.cpython-311.pyc */; };
		E2210705A0114392408BC5E3 /* AuraApp.swift in Sources */ = {isa = PBXBuildFile; fileRef = D21ABEC5EF698C64577CDF3E /* AuraApp.swift */; };
		E3848A6553A9A5C36EE709B5 /* image.cpython-311.pyc in Resources */ = {isa = PBXBuildFile; fileRef = 817B08D312D42549D73441A9 /* image.cpython-311.pyc */; };
		E625E1E6F17C0DCC99446421 /* AnalysisResult.swift in Sources */ = {isa = PBXBuildFile; fileRef = 0296AD82546F1F9C92E1473F /* AnalysisResult.swift */; };
		E66D5B62FF637E7829C89DBD /* nlp.py in Resources */ = {isa = PBXBuildFile; fileRef = E3FBB74FD6B5716449BF2ABB /* nlp.py */; };
		E7EC1E58C0C23675AB813DFE /* AutoMLCleaningTests.swift in Sources */ = {isa = PBXBuildFile; fileRef = CE5A24F26624583178C01C46 /* AutoMLCleaningTests.swift */; };
		EC8715C25E05C9D26FD50BD8 /* ProtectedDataTests.swift in Sources */ = {isa = PBXBuildFile; fileRef = 67DAA8D9EAF5AB34BE6E4D38 /* ProtectedDataTests.swift */; };
		F5437739CAFB4E21B9F41142 /* AnalysisConfig.swift in Sources */ = {isa = PBXBuildFile; fileRef = E410A6F2A214865D1593E321 /* AnalysisConfig.swift */; };
		F5A8BDB405355C4C67DD3EB1 /* AnalysisHistoryService.swift in Sources */ = {isa = PBXBuildFile; fileRef = A022D7794EB157DA589B4998 /* AnalysisHistoryService.swift */; };
/* End PBXBuildFile section */

/* Begin PBXContainerItemProxy section */
		4EC09B2DE95DE8C2AE624D01 /* PBXContainerItemProxy */ = {
			isa = PBXContainerItemProxy;
			containerPortal = 8BD77261975AF982E9387AD3 /* Project object */;
			proxyType = 1;
			remoteGlobalIDString = 544833A0C6516D03E8600760;
			remoteInfo = Aura;
		};
/* End PBXContainerItemProxy section */

/* Begin PBXFileReference section */
		01C2636FCB70D8699271BDF3 /* FileMergeSheet.swift */ = {isa = PBXFileReference; lastKnownFileType = sourcecode.swift; path = FileMergeSheet.swift; sourceTree = "<group>"; };
		0296AD82546F1F9C92E1473F /* AnalysisResult.swift */ = {isa = PBXFileReference; lastKnownFileType = sourcecode.swift; path = AnalysisResult.swift; sourceTree = "<group>"; };
		036BB7B2813DA346B8701843 /* HTMLToPDFConverter.swift */ = {isa = PBXFileReference; lastKnownFileType = sourcecode.swift; path = HTMLToPDFConverter.swift; sourceTree = "<group>"; };
		0709C15E39493935E745814C /* OnboardingView.swift */ = {isa = PBXFileReference; lastKnownFileType = sourcecode.swift; path = OnboardingView.swift; sourceTree = "<group>"; };
		0748F80EDE9BE8E1331656E0 /* DragDropView.swift */ = {isa = PBXFileReference; lastKnownFileType = sourcecode.swift; path = DragDropView.swift; sourceTree = "<group>"; };
		16E7EB2FBAB28C44B32CB834 /* OllamaSetupView.swift */ = {isa = PBXFileReference; lastKnownFileType = sourcecode.swift; path = OllamaSetupView.swift; sourceTree = "<group>"; };
		181EC2D7C47623ED564EC2CB /* DatasetTypeTests.swift */ = {isa = PBXFileReference; lastKnownFileType = sourcecode.swift; path = DatasetTypeTests.swift; sourceTree = "<group>"; };
		1AAD76F283C55B5A70BC8D03 /* object_detection.cpython-311.pyc */ = {isa = PBXFileReference; lastKnownFileType = file; path = "object_detection.cpython-311.pyc"; sourceTree = "<group>"; };
		2196F0B1AA7CC67450A82F6B /* DatabaseConnectionSheet.swift */ = {isa = PBXFileReference; lastKnownFileType = sourcecode.swift; path = DatabaseConnectionSheet.swift; sourceTree = "<group>"; };
		22FF8769B92078ECB8BA023D /* PythonRunnerTests.swift */ = {isa = PBXFileReference; lastKnownFileType = sourcecode.swift; path = PythonRunnerTests.swift; sourceTree = "<group>"; };
		2658715CABC6977191661349 /* nlp.cpython-311.pyc */ = {isa = PBXFileReference; lastKnownFileType = file; path = "nlp.cpython-311.pyc"; sourceTree = "<group>"; };
		26B8DF684009A48B39E26C67 /* OllamaService.swift */ = {isa = PBXFileReference; lastKnownFileType = sourcecode.swift; path = OllamaService.swift; sourceTree = "<group>"; };
		401068CD37570487457B1D3C /* ExportReportSheet.swift */ = {isa = PBXFileReference; lastKnownFileType = sourcecode.swift; path = ExportReportSheet.swift; sourceTree = "<group>"; };
		43B18B5AFF90EF954D17CAEE /* loader.cpython-311.pyc */ = {isa = PBXFileReference; lastKnownFileType = file; path = "loader.cpython-311.pyc"; sourceTree = "<group>"; };
		4718EA673E457067CA6C94BA /* HistoryItem.swift */ = {isa = PBXFileReference; lastKnownFileType = sourcecode.swift; path = HistoryItem.swift; sourceTree = "<group>"; };
		4812E4EAF0ADDE9AE646C7EE /* CorrelationMatrixView.swift */ = {isa = PBXFileReference; lastKnownFileType = sourcecode.swift; path = CorrelationMatrixView.swift; sourceTree = "<group>"; };
		4964E50D792A7A2C0DAF554D /* PythonRunner.swift */ = {isa = PBXFileReference; lastKnownFileType = sourcecode.swift; path = PythonRunner.swift; sourceTree = "<group>"; };
		4A9E59AC258B2C2BA91E5EF7 /* Aura.app */ = {isa = PBXFileReference; explicitFileType = wrapper.application; includeInIndex = 0; path = Aura.app; sourceTree = BUILT_PRODUCTS_DIR; };
		4C361D432FEC9A9000E5E0C3 /* server.py */ = {isa = PBXFileReference; lastKnownFileType = text.script.python; path = server.py; sourceTree = "<group>"; };
		4CDCD7CB2692DABC3E2EA75E /* AIChatPanel.swift */ = {isa = PBXFileReference; lastKnownFileType = sourcecode.swift; path = AIChatPanel.swift; sourceTree = "<group>"; };
		4D3FC3A93ED0A95002CE7EDF /* tabular.cpython-311.pyc */ = {isa = PBXFileReference; lastKnownFileType = file; path = "tabular.cpython-311.pyc"; sourceTree = "<group>"; };
		588CAEB608600B133F3015A9 /* preview.cpython-311.pyc */ = {isa = PBXFileReference; lastKnownFileType = file; path = "preview.cpython-311.pyc"; sourceTree = "<group>"; };
		5A3E70D96E31DBF381D493A3 /* PreviewTableView.swift */ = {isa = PBXFileReference; lastKnownFileType = sourcecode.swift; path = PreviewTableView.swift; sourceTree = "<group>"; };
		5B1824D054096B82D16AF771 /* cleaning.cpython-311.pyc */ = {isa = PBXFileReference; lastKnownFileType = file; path = "cleaning.cpython-311.pyc"; sourceTree = "<group>"; };
		5CD552B5F09360B5BCABC896 /* Assets.xcassets */ = {isa = PBXFileReference; lastKnownFileType = folder.assetcatalog; path = Assets.xcassets; sourceTree = "<group>"; };
		5FDEED3F35FC53B5A9CC28E4 /* clustering.py */ = {isa = PBXFileReference; lastKnownFileType = text.script.python; path = clustering.py; sourceTree = "<group>"; };
		61100B2C70DCAB2960A65C01 /* timeseries.py */ = {isa = PBXFileReference; lastKnownFileType = text.script.python; path = timeseries.py; sourceTree = "<group>"; };
		624F60BF44A6B0961B100408 /* SettingsView.swift */ = {isa = PBXFileReference; lastKnownFileType = sourcecode.swift; path = SettingsView.swift; sourceTree = "<group>"; };
		646E55D57E8224D22C2A2172 /* analyze.py */ = {isa = PBXFileReference; lastKnownFileType = text.script.python; path = analyze.py; sourceTree = "<group>"; };
		666FED69100D6A979729EF3E /* AnalysisScheduler.swift */ = {isa = PBXFileReference; lastKnownFileType = sourcecode.swift; path = AnalysisScheduler.swift; sourceTree = "<group>"; };
		67DAA8D9EAF5AB34BE6E4D38 /* ProtectedDataTests.swift */ = {isa = PBXFileReference; lastKnownFileType = sourcecode.swift; path = ProtectedDataTests.swift; sourceTree = "<group>"; };
		7072F45E094FA70B2527C59E /* PredictionResult.swift */ = {isa = PBXFileReference; lastKnownFileType = sourcecode.swift; path = PredictionResult.swift; sourceTree = "<group>"; };
		7691C69A2C2BAE1C9358197C /* ChatViewModel.swift */ = {isa = PBXFileReference; lastKnownFileType = sourcecode.swift; path = ChatViewModel.swift; sourceTree = "<group>"; };
		7BAA86848C954FBFC5A1500E /* ChartPromptTests.swift */ = {isa = PBXFileReference; lastKnownFileType = sourcecode.swift; path = ChartPromptTests.swift; sourceTree = "<group>"; };
		7FEE37BF68704248704A691D /* SummaryView.swift */ = {isa = PBXFileReference; lastKnownFileType = sourcecode.swift; path = SummaryView.swift; sourceTree = "<group>"; };
		801D45C07D300201200808EB /* helpers.py */ = {isa = PBXFileReference; lastKnownFileType = text.script.python; path = helpers.py; sourceTree = "<group>"; };
		817B08D312D42549D73441A9 /* image.cpython-311.pyc */ = {isa = PBXFileReference; lastKnownFileType = file; path = "image.cpython-311.pyc"; sourceTree = "<group>"; };
		874A91E91B9041211A336B9F /* loader.py */ = {isa = PBXFileReference; lastKnownFileType = text.script.python; path = loader.py; sourceTree = "<group>"; };
		8855E6A64EE28BF59CD09BE0 /* ChartsListView.swift */ = {isa = PBXFileReference; lastKnownFileType = sourcecode.swift; path = ChartsListView.swift; sourceTree = "<group>"; };
		8E79BF77BFF47CAD77B65137 /* ContentView.swift */ = {isa = PBXFileReference; lastKnownFileType = sourcecode.swift; path = ContentView.swift; sourceTree = "<group>"; };
		8F04E707B7135771590F783F /* AppLogger.swift */ = {isa = PBXFileReference; lastKnownFileType = sourcecode.swift; path = AppLogger.swift; sourceTree = "<group>"; };
		909EAF01F877E18009244DF4 /* preview.py */ = {isa = PBXFileReference; lastKnownFileType = text.script.python; path = preview.py; sourceTree = "<group>"; };
		9154FEC5526BFA11EDE8BB41 /* AnalysisDiffView.swift */ = {isa = PBXFileReference; lastKnownFileType = sourcecode.swift; path = AnalysisDiffView.swift; sourceTree = "<group>"; };
		91CF3CDAA267E57897F18030 /* AIService.swift */ = {isa = PBXFileReference; lastKnownFileType = sourcecode.swift; path = AIService.swift; sourceTree = "<group>"; };
		925E18925B25757AC8523B80 /* object_detection.py */ = {isa = PBXFileReference; lastKnownFileType = text.script.python; path = object_detection.py; sourceTree = "<group>"; };
		938EA13730D79840F2FCBBA5 /* Aura.entitlements */ = {isa = PBXFileReference; lastKnownFileType = text.plist.entitlements; path = Aura.entitlements; sourceTree = "<group>"; };
		9C3DFD9D99050387A5EA291E /* DataCleaningView.swift */ = {isa = PBXFileReference; lastKnownFileType = sourcecode.swift; path = DataCleaningView.swift; sourceTree = "<group>"; };
		9ED2F02669746860CF49087F /* charts.py */ = {isa = PBXFileReference; lastKnownFileType = text.script.python; path = charts.py; sourceTree = "<group>"; };
		9ED2F02669746860CF490890 /* NativeProgressView.swift */ = {isa = PBXFileReference; lastKnownFileType = sourcecode.swift; path = NativeProgressView.swift; sourceTree = "<group>"; };
		A022D7794EB157DA589B4998 /* AnalysisHistoryService.swift */ = {isa = PBXFileReference; lastKnownFileType = sourcecode.swift; path = AnalysisHistoryService.swift; sourceTree = "<group>"; };
		A2574F02325C8D1D195D4B63 /* charts.cpython-311.pyc */ = {isa = PBXFileReference; lastKnownFileType = file; path = "charts.cpython-311.pyc"; sourceTree = "<group>"; };
		A3504C96B09B50403E431E00 /* analyze.cpython-311.pyc */ = {isa = PBXFileReference; lastKnownFileType = file; path = "analyze.cpython-311.pyc"; sourceTree = "<group>"; };
		AA714F3756E141456F804D26 /* EnterpriseDatabaseSchedulerTests.swift */ = {isa = PBXFileReference; lastKnownFileType = sourcecode.swift; path = EnterpriseDatabaseSchedulerTests.swift; sourceTree = "<group>"; };
		B775FC772BBB757874196464 /* ChatMessage.swift */ = {isa = PBXFileReference; lastKnownFileType = sourcecode.swift; path = ChatMessage.swift; sourceTree = "<group>"; };
		BE34872FABAC277BE37FA4F5 /* deep_learning.py */ = {isa = PBXFileReference; lastKnownFileType = text.script.python; path = deep_learning.py; sourceTree = "<group>"; };
		BE97000C618B91DB55AF3E72 /* ReportCompiler.swift */ = {isa = PBXFileReference; lastKnownFileType = sourcecode.swift; path = ReportCompiler.swift; sourceTree = "<group>"; };
		BFE0A9FA6A6821EF8D5A1728 /* profiler.py */ = {isa = PBXFileReference; lastKnownFileType = text.script.python; path = profiler.py; sourceTree = "<group>"; };
		C691FBB60044F82129817B23 /* AnalysisSchedulerSheet.swift */ = {isa = PBXFileReference; lastKnownFileType = sourcecode.swift; path = AnalysisSchedulerSheet.swift; sourceTree = "<group>"; };
		CA98415D758D9ECF06490318 /* helpers.cpython-311.pyc */ = {isa = PBXFileReference; lastKnownFileType = file; path = "helpers.cpython-311.pyc"; sourceTree = "<group>"; };
		CE5A24F26624583178C01C46 /* AutoMLCleaningTests.swift */ = {isa = PBXFileReference; lastKnownFileType = sourcecode.swift; path = AutoMLCleaningTests.swift; sourceTree = "<group>"; };
		D1EAB7206F26FEE6CA526B55 /* image.py */ = {isa = PBXFileReference; lastKnownFileType = text.script.python; path = image.py; sourceTree = "<group>"; };
		D21ABEC5EF698C64577CDF3E /* AuraApp.swift */ = {isa = PBXFileReference; lastKnownFileType = sourcecode.swift; path = AuraApp.swift; sourceTree = "<group>"; };
		D3B27EAF398677601E3A9BEF /* timeseries.cpython-311.pyc */ = {isa = PBXFileReference; lastKnownFileType = file; path = "timeseries.cpython-311.pyc"; sourceTree = "<group>"; };
		D7928B28A4483B5F3E002C18 /* PredictionTabView.swift */ = {isa = PBXFileReference; lastKnownFileType = sourcecode.swift; path = PredictionTabView.swift; sourceTree = "<group>"; };
		D8CF4CF9E7D0954FEFB3E954 /* AuraTests.xctest */ = {isa = PBXFileReference; explicitFileType = wrapper.cfbundle; includeInIndex = 0; path = AuraTests.xctest; sourceTree = BUILT_PRODUCTS_DIR; };
		D94A9C43791F93BBFF10727E /* KeychainService.swift */ = {isa = PBXFileReference; lastKnownFileType = sourcecode.swift; path = KeychainService.swift; sourceTree = "<group>"; };
		DCDACB94F4E75AA426D20F5C /* deep_learning.cpython-311.pyc */ = {isa = PBXFileReference; lastKnownFileType = file; path = "deep_learning.cpython-311.pyc"; sourceTree = "<group>"; };
		E26C5C6EDC36ADAAE2F913E1 /* ModelExportSheet.swift */ = {isa = PBXFileReference; lastKnownFileType = sourcecode.swift; path = ModelExportSheet.swift; sourceTree = "<group>"; };
		E3F243B159C4FFE7FBAE86ED /* FullTableView.swift */ = {isa = PBXFileReference; lastKnownFileType = sourcecode.swift; path = FullTableView.swift; sourceTree = "<group>"; };
		E3FBB74FD6B5716449BF2ABB /* nlp.py */ = {isa = PBXFileReference; lastKnownFileType = text.script.python; path = nlp.py; sourceTree = "<group>"; };
		E410A6F2A214865D1593E321 /* AnalysisConfig.swift */ = {isa = PBXFileReference; lastKnownFileType = sourcecode.swift; path = AnalysisConfig.swift; sourceTree = "<group>"; };
		E75831B37FA20E569A94ECE4 /* clustering.cpython-311.pyc */ = {isa = PBXFileReference; lastKnownFileType = file; path = "clustering.cpython-311.pyc"; sourceTree = "<group>"; };
		EFD71F46F7C2873EA5C06D93 /* OllamaStatusChecker.swift */ = {isa = PBXFileReference; lastKnownFileType = sourcecode.swift; path = OllamaStatusChecker.swift; sourceTree = "<group>"; };
		F783D2E01729F7CAFCD8C743 /* cleaning.py */ = {isa = PBXFileReference; lastKnownFileType = text.script.python; path = cleaning.py; sourceTree = "<group>"; };
		FD250D9E27667F0684F9B96A /* query_db.py */ = {isa = PBXFileReference; lastKnownFileType = text.script.python; path = query_db.py; sourceTree = "<group>"; };
		FD99CF1C61CC0C98DC66240B /* tabular.py */ = {isa = PBXFileReference; lastKnownFileType = text.script.python; path = tabular.py; sourceTree = "<group>"; };
		FEC5E34F747B88A5AB8C7355 /* profiler.cpython-311.pyc */ = {isa = PBXFileReference; lastKnownFileType = file; path = "profiler.cpython-311.pyc"; sourceTree = "<group>"; };
/* End PBXFileReference section */

/* Begin PBXGroup section */
		1A691351EBE1DD7961333418 = {
			isa = PBXGroup;
			children = (
				B31AA8476739ED31C7CBAD21 /* Aura */,
				A3354BB589049926C2237428 /* AuraTests */,
				FF88EA15285C2C6E8FC84561 /* Products */,
			);
			sourceTree = "<group>";
		};
		2805FA4CC8DA0DE75010564C /* __pycache__ */ = {
			isa = PBXGroup;
			children = (
				E75831B37FA20E569A94ECE4 /* clustering.cpython-311.pyc */,
				DCDACB94F4E75AA426D20F5C /* deep_learning.cpython-311.pyc */,
				817B08D312D42549D73441A9 /* image.cpython-311.pyc */,
				2658715CABC6977191661349 /* nlp.cpython-311.pyc */,
				1AAD76F283C55B5A70BC8D03 /* object_detection.cpython-311.pyc */,
				588CAEB608600B133F3015A9 /* preview.cpython-311.pyc */,
				4D3FC3A93ED0A95002CE7EDF /* tabular.cpython-311.pyc */,
				D3B27EAF398677601E3A9BEF /* timeseries.cpython-311.pyc */,
			);
			path = __pycache__;
			sourceTree = "<group>";
		};
		36471513ADADC97BC10280B7 /* utils */ = {
			isa = PBXGroup;
			children = (
				9ED2F02669746860CF49087F /* charts.py */,
				F783D2E01729F7CAFCD8C743 /* cleaning.py */,
				801D45C07D300201200808EB /* helpers.py */,
				874A91E91B9041211A336B9F /* loader.py */,
				BFE0A9FA6A6821EF8D5A1728 /* profiler.py */,
				71A4081307A2822F80F7EB54 /* __pycache__ */,
			);
			path = utils;
			sourceTree = "<group>";
		};
		392542F8312EE21DD7354B2F /* __pycache__ */ = {
			isa = PBXGroup;
			children = (
				A3504C96B09B50403E431E00 /* analyze.cpython-311.pyc */,
			);
			path = __pycache__;
			sourceTree = "<group>";
		};
		52C92AE6DB80341EC0229D0F /* Views */ = {
			isa = PBXGroup;
			children = (
				4CDCD7CB2692DABC3E2EA75E /* AIChatPanel.swift */,
				9154FEC5526BFA11EDE8BB41 /* AnalysisDiffView.swift */,
				C691FBB60044F82129817B23 /* AnalysisSchedulerSheet.swift */,
				8855E6A64EE28BF59CD09BE0 /* ChartsListView.swift */,
				8E79BF77BFF47CAD77B65137 /* ContentView.swift */,
				4812E4EAF0ADDE9AE646C7EE /* CorrelationMatrixView.swift */,
				2196F0B1AA7CC67450A82F6B /* DatabaseConnectionSheet.swift */,
				9C3DFD9D99050387A5EA291E /* DataCleaningView.swift */,
				0748F80EDE9BE8E1331656E0 /* DragDropView.swift */,
				401068CD37570487457B1D3C /* ExportReportSheet.swift */,
				01C2636FCB70D8699271BDF3 /* FileMergeSheet.swift */,
				E3F243B159C4FFE7FBAE86ED /* FullTableView.swift */,
				9ED2F02669746860CF490890 /* NativeProgressView.swift */,
				E26C5C6EDC36ADAAE2F913E1 /* ModelExportSheet.swift */,
				16E7EB2FBAB28C44B32CB834 /* OllamaSetupView.swift */,
				0709C15E39493935E745814C /* OnboardingView.swift */,
				D7928B28A4483B5F3E002C18 /* PredictionTabView.swift */,
				5A3E70D96E31DBF381D493A3 /* PreviewTableView.swift */,
				624F60BF44A6B0961B100408 /* SettingsView.swift */,
				7FEE37BF68704248704A691D /* SummaryView.swift */,
			);
			path = Views;
			sourceTree = "<group>";
		};
		71A4081307A2822F80F7EB54 /* __pycache__ */ = {
			isa = PBXGroup;
			children = (
				A2574F02325C8D1D195D4B63 /* charts.cpython-311.pyc */,
				5B1824D054096B82D16AF771 /* cleaning.cpython-311.pyc */,
				CA98415D758D9ECF06490318 /* helpers.cpython-311.pyc */,
				43B18B5AFF90EF954D17CAEE /* loader.cpython-311.pyc */,
				FEC5E34F747B88A5AB8C7355 /* profiler.cpython-311.pyc */,
			);
			path = __pycache__;
			sourceTree = "<group>";
		};
		7ECD212904A06E584926C9B0 /* Services */ = {
			isa = PBXGroup;
			children = (
				91CF3CDAA267E57897F18030 /* AIService.swift */,
				A022D7794EB157DA589B4998 /* AnalysisHistoryService.swift */,
				666FED69100D6A979729EF3E /* AnalysisScheduler.swift */,
				8F04E707B7135771590F783F /* AppLogger.swift */,
				7691C69A2C2BAE1C9358197C /* ChatViewModel.swift */,
				036BB7B2813DA346B8701843 /* HTMLToPDFConverter.swift */,
				D94A9C43791F93BBFF10727E /* KeychainService.swift */,
				26B8DF684009A48B39E26C67 /* OllamaService.swift */,
				EFD71F46F7C2873EA5C06D93 /* OllamaStatusChecker.swift */,
				4964E50D792A7A2C0DAF554D /* PythonRunner.swift */,
				BE97000C618B91DB55AF3E72 /* ReportCompiler.swift */,
			);
			path = Services;
			sourceTree = "<group>";
		};
		A3354BB589049926C2237428 /* AuraTests */ = {
			isa = PBXGroup;
			children = (
				CE5A24F26624583178C01C46 /* AutoMLCleaningTests.swift */,
				7BAA86848C954FBFC5A1500E /* ChartPromptTests.swift */,
				181EC2D7C47623ED564EC2CB /* DatasetTypeTests.swift */,
				AA714F3756E141456F804D26 /* EnterpriseDatabaseSchedulerTests.swift */,
				67DAA8D9EAF5AB34BE6E4D38 /* ProtectedDataTests.swift */,
				22FF8769B92078ECB8BA023D /* PythonRunnerTests.swift */,
			);
			path = AuraTests;
			sourceTree = "<group>";
		};
		B31AA8476739ED31C7CBAD21 /* Aura */ = {
			isa = PBXGroup;
			children = (
				646E55D57E8224D22C2A2172 /* analyze.py */,
				5CD552B5F09360B5BCABC896 /* Assets.xcassets */,
				938EA13730D79840F2FCBBA5 /* Aura.entitlements */,
				D21ABEC5EF698C64577CDF3E /* AuraApp.swift */,
				4C361D432FEC9A9000E5E0C3 /* server.py */,
				FD250D9E27667F0684F9B96A /* query_db.py */,
				392542F8312EE21DD7354B2F /* __pycache__ */,
				CF8B789E1A9FBACB723B0A09 /* Models */,
				B8FC08986204B9FC25427146 /* pipelines */,
				7ECD212904A06E584926C9B0 /* Services */,
				36471513ADADC97BC10280B7 /* utils */,
				52C92AE6DB80341EC0229D0F /* Views */,
			);
			path = Aura;
			sourceTree = "<group>";
		};
		B8FC08986204B9FC25427146 /* pipelines */ = {
			isa = PBXGroup;
			children = (
				5FDEED3F35FC53B5A9CC28E4 /* clustering.py */,
				BE34872FABAC277BE37FA4F5 /* deep_learning.py */,
				D1EAB7206F26FEE6CA526B55 /* image.py */,
				E3FBB74FD6B5716449BF2ABB /* nlp.py */,
				925E18925B25757AC8523B80 /* object_detection.py */,
				909EAF01F877E18009244DF4 /* preview.py */,
				FD99CF1C61CC0C98DC66240B /* tabular.py */,
				61100B2C70DCAB2960A65C01 /* timeseries.py */,
				2805FA4CC8DA0DE75010564C /* __pycache__ */,
			);
			path = pipelines;
			sourceTree = "<group>";
		};
		CF8B789E1A9FBACB723B0A09 /* Models */ = {
			isa = PBXGroup;
			children = (
				E410A6F2A214865D1593E321 /* AnalysisConfig.swift */,
				0296AD82546F1F9C92E1473F /* AnalysisResult.swift */,
				B775FC772BBB757874196464 /* ChatMessage.swift */,
				4718EA673E457067CA6C94BA /* HistoryItem.swift */,
				7072F45E094FA70B2527C59E /* PredictionResult.swift */,
			);
			path = Models;
			sourceTree = "<group>";
		};
		FF88EA15285C2C6E8FC84561 /* Products */ = {
			isa = PBXGroup;
			children = (
				4A9E59AC258B2C2BA91E5EF7 /* Aura.app */,
				D8CF4CF9E7D0954FEFB3E954 /* AuraTests.xctest */,
			);
			name = Products;
			sourceTree = "<group>";
		};
/* End PBXGroup section */

/* Begin PBXNativeTarget section */
		544833A0C6516D03E8600760 /* Aura */ = {
			isa = PBXNativeTarget;
			buildConfigurationList = 2DA791177B86A5E946FD17AD /* Build configuration list for PBXNativeTarget "Aura" */;
			buildPhases = (
				74A1051E0E2F723FE993F5BC /* Sources */,
				EF7572415AB9A34561EA7F0B /* Resources */,
			);
			buildRules = (
			);
			dependencies = (
			);
			name = Aura;
			packageProductDependencies = (
			);
			productName = Aura;
			productReference = 4A9E59AC258B2C2BA91E5EF7 /* Aura.app */;
			productType = "com.apple.product-type.application";
		};
		D2A143BC3FFBF9FC613E6D9C /* AuraTests */ = {
			isa = PBXNativeTarget;
			buildConfigurationList = 02D60E80C51CAF8FFD577266 /* Build configuration list for PBXNativeTarget "AuraTests" */;
			buildPhases = (
				DFF9EB951BB2866292C24BA7 /* Sources */,
			);
			buildRules = (
			);
			dependencies = (
				96881E0AC55AB979788DF237 /* PBXTargetDependency */,
			);
			name = AuraTests;
			packageProductDependencies = (
			);
			productName = AuraTests;
			productReference = D8CF4CF9E7D0954FEFB3E954 /* AuraTests.xctest */;
			productType = "com.apple.product-type.bundle.unit-test";
		};
/* End PBXNativeTarget section */

/* Begin PBXProject section */
		8BD77261975AF982E9387AD3 /* Project object */ = {
			isa = PBXProject;
			attributes = {
				BuildIndependentTargetsInParallel = YES;
				LastUpgradeCheck = 1430;
			};
			buildConfigurationList = 5BE1483D97C2A0314A01DE80 /* Build configuration list for PBXProject "Aura" */;
			developmentRegion = en;
			hasScannedForEncodings = 0;
			knownRegions = (
				Base,
				en,
			);
			mainGroup = 1A691351EBE1DD7961333418;
			minimizedProjectReferenceProxies = 1;
			preferredProjectObjectVersion = 77;
			productRefGroup = FF88EA15285C2C6E8FC84561 /* Products */;
			projectDirPath = "";
			projectRoot = "";
			targets = (
				544833A0C6516D03E8600760 /* Aura */,
				D2A143BC3FFBF9FC613E6D9C /* AuraTests */,
			);
		};
/* End PBXProject section */

/* Begin PBXResourcesBuildPhase section */
		EF7572415AB9A34561EA7F0B /* Resources */ = {
			isa = PBXResourcesBuildPhase;
			buildActionMask = 2147483647;
			files = (
				09855E8CBE560945EC01F964 /* Assets.xcassets in Resources */,
				217CB12B41AA63AF8B1D5B3F /* analyze.cpython-311.pyc in Resources */,
				DAB7A5BFCC509E72B7C92EE1 /* analyze.py in Resources */,
				CC384032B2C8149A84B4ACAF /* charts.cpython-311.pyc in Resources */,
				C41FB1B2B66DC70A3700C6DD /* charts.py in Resources */,
				25F4E30F25817CB60715E0B8 /* cleaning.cpython-311.pyc in Resources */,
				0EFE0B0855FFABB1AD63E310 /* cleaning.py in Resources */,
				ADF3E9387548DAD87C51F950 /* clustering.cpython-311.pyc in Resources */,
				3B3746562D8ED10C6D92122D /* clustering.py in Resources */,
				051B5E75B48F8348B8D736F5 /* deep_learning.cpython-311.pyc in Resources */,
				5A10366B0E33CCD292263E7D /* deep_learning.py in Resources */,
				2243569E3F9ED5A56AA8F9C4 /* helpers.cpython-311.pyc in Resources */,
				6A1EC32C557EA07E95BBB981 /* helpers.py in Resources */,
				E3848A6553A9A5C36EE709B5 /* image.cpython-311.pyc in Resources */,
				9A6F073BB849AE6DCE038137 /* image.py in Resources */,
				240CE722F69C5BCF99EEAC6D /* loader.cpython-311.pyc in Resources */,
				29641D18C037C33B9C16F82E /* loader.py in Resources */,
				73151D1DB996A6A186E187B9 /* nlp.cpython-311.pyc in Resources */,
				E66D5B62FF637E7829C89DBD /* nlp.py in Resources */,
				440BD1B765F92FABAD10EA06 /* object_detection.cpython-311.pyc in Resources */,
				4C361D442FEC9A9000E5E0C3 /* server.py in Resources */,
				630516F1E04DA43A53C63602 /* object_detection.py in Resources */,
				DE0F025EE7616197EBD575F3 /* preview.cpython-311.pyc in Resources */,
				A3449C7392EA98857DB2606C /* preview.py in Resources */,
				7A7B39D64922EDC2D952C07C /* profiler.cpython-311.pyc in Resources */,
				9C799893B31E1D3DBA950DAD /* profiler.py in Resources */,
				178011CDB20183D66838D7B1 /* query_db.py in Resources */,
				1D87B95E76C2963B9F865251 /* tabular.cpython-311.pyc in Resources */,
				3EC11651FB218D12A1DD94FD /* tabular.py in Resources */,
				4AF5FE88DEDC2C452ACAD94C /* timeseries.cpython-311.pyc in Resources */,
				76D09CA6AFBFA35E2A530603 /* timeseries.py in Resources */,
			);
			runOnlyForDeploymentPostprocessing = 0;
		};
/* End PBXResourcesBuildPhase section */

/* Begin PBXSourcesBuildPhase section */
		74A1051E0E2F723FE993F5BC /* Sources */ = {
			isa = PBXSourcesBuildPhase;
			buildActionMask = 2147483647;
			files = (
				677FE39A7C5C40F1BB87180B /* AIChatPanel.swift in Sources */,
				1A2B9E0960485CA6BC14552E /* AIService.swift in Sources */,
				F5437739CAFB4E21B9F41142 /* AnalysisConfig.swift in Sources */,
				BE527B0A2F698E100419EF6E /* AnalysisDiffView.swift in Sources */,
				F5A8BDB405355C4C67DD3EB1 /* AnalysisHistoryService.swift in Sources */,
				E625E1E6F17C0DCC99446421 /* AnalysisResult.swift in Sources */,
				954B4108D0D5DCB423F88591 /* AnalysisScheduler.swift in Sources */,
				603FDF4097568FD43E23F486 /* AnalysisSchedulerSheet.swift in Sources */,
				4BEE11FA7F9A3DDB4DF197AA /* AppLogger.swift in Sources */,
				E2210705A0114392408BC5E3 /* AuraApp.swift in Sources */,
				9BD16C0D8C9187130E77BD1E /* ChartsListView.swift in Sources */,
				C30A9E774BE2C3E50294C4F1 /* ChatMessage.swift in Sources */,
				6C248060946ABA1FD810B24A /* ChatViewModel.swift in Sources */,
				9EAA1B72CE23B19B87619445 /* ContentView.swift in Sources */,
				A21AED96A0471C2581EC2FE7 /* CorrelationMatrixView.swift in Sources */,
				17B72300B6D31DF071959B27 /* DataCleaningView.swift in Sources */,
				A5B703A9FA86329B0F3AEF64 /* DatabaseConnectionSheet.swift in Sources */,
				CF308130471B42534BC18080 /* DragDropView.swift in Sources */,
				72BB40117BC1756B3AF9EE55 /* ExportReportSheet.swift in Sources */,
				B31889721D087589EE9CAD80 /* FileMergeSheet.swift in Sources */,
				6B1B3ED8DAD16D7D49050DDF /* FullTableView.swift in Sources */,
				49724A22ABE69218A52C185A /* HTMLToPDFConverter.swift in Sources */,
				6D9368CDB7207045A93E27A7 /* HistoryItem.swift in Sources */,
				A382C645D50ABCE8A36228ED /* KeychainService.swift in Sources */,
				677FE39A7C5C40F1BB871890 /* NativeProgressView.swift in Sources */,
				C8CDF47496C18A6FD7467217 /* ModelExportSheet.swift in Sources */,
				085A8EC5188057047E33FBBA /* OllamaService.swift in Sources */,
				0496280A559DC37C5B47A701 /* OllamaSetupView.swift in Sources */,
				349314BDD5FFFAE9B7373062 /* OllamaStatusChecker.swift in Sources */,
				B935576B41719E3EA7CDDC62 /* OnboardingView.swift in Sources */,
				DA2F4FC541258A07A801F0E5 /* PredictionResult.swift in Sources */,
				14B151B69398C4EEEB5297E9 /* PredictionTabView.swift in Sources */,
				5612F4215AC7A0BD3F6A137D /* PreviewTableView.swift in Sources */,
				6E99C77956A059840571F2B5 /* PythonRunner.swift in Sources */,
				242ACCE81E9678B9B855F6AC /* ReportCompiler.swift in Sources */,
				AF0E0093DD138A984AE2AE07 /* SettingsView.swift in Sources */,
				93AB26B4B55D549635F9AAA9 /* SummaryView.swift in Sources */,
			);
			runOnlyForDeploymentPostprocessing = 0;
		};
		DFF9EB951BB2866292C24BA7 /* Sources */ = {
			isa = PBXSourcesBuildPhase;
			buildActionMask = 2147483647;
			files = (
				E7EC1E58C0C23675AB813DFE /* AutoMLCleaningTests.swift in Sources */,
				428BEC9F7A31189D0B88C8D9 /* ChartPromptTests.swift in Sources */,
				7A3FE47E6897F119029A7AA7 /* DatasetTypeTests.swift in Sources */,
				57973B52D55F9C0741D0C930 /* EnterpriseDatabaseSchedulerTests.swift in Sources */,
				EC8715C25E05C9D26FD50BD8 /* ProtectedDataTests.swift in Sources */,
				5733E0A22FE6B3003D17C175 /* PythonRunnerTests.swift in Sources */,
			);
			runOnlyForDeploymentPostprocessing = 0;
		};
/* End PBXSourcesBuildPhase section */

/* Begin PBXTargetDependency section */
		96881E0AC55AB979788DF237 /* PBXTargetDependency */ = {
			isa = PBXTargetDependency;
			target = 544833A0C6516D03E8600760 /* Aura */;
			targetProxy = 4EC09B2DE95DE8C2AE624D01 /* PBXContainerItemProxy */;
		};
/* End PBXTargetDependency section */

/* Begin XCBuildConfiguration section */
		1AF98EADB6D93512BF1EE4FA /* Debug */ = {
			isa = XCBuildConfiguration;
			buildSettings = {
				ASSETCATALOG_COMPILER_APPICON_NAME = AppIcon;
				CODE_SIGN_ENTITLEMENTS = Aura/Aura.entitlements;
				COMBINE_HIDPI_IMAGES = YES;
				CURRENT_PROJECT_VERSION = 1;
				ENABLE_HARDENED_RUNTIME = NO;
				GENERATE_INFOPLIST_FILE = YES;
				LD_RUNPATH_SEARCH_PATHS = (
					"$(inherited)",
					"@executable_path/../Frameworks",
				);
				MACOSX_DEPLOYMENT_TARGET = 14.0;
				MARKETING_VERSION = 0.3.1;
				PRODUCT_BUNDLE_IDENTIFIER = com.aura.Aura;
				PRODUCT_NAME = Aura;
				SDKROOT = macosx;
			};
			name = Debug;
		};
		285729BD2F4393A23943EF8B /* Release */ = {
			isa = XCBuildConfiguration;
			buildSettings = {
				ASSETCATALOG_COMPILER_APPICON_NAME = AppIcon;
				CODE_SIGN_ENTITLEMENTS = Aura/Aura.entitlements;
				COMBINE_HIDPI_IMAGES = YES;
				CURRENT_PROJECT_VERSION = 1;
				ENABLE_HARDENED_RUNTIME = NO;
				GENERATE_INFOPLIST_FILE = YES;
				LD_RUNPATH_SEARCH_PATHS = (
					"$(inherited)",
					"@executable_path/../Frameworks",
				);
				MACOSX_DEPLOYMENT_TARGET = 14.0;
				MARKETING_VERSION = 0.3.1;
				PRODUCT_BUNDLE_IDENTIFIER = com.aura.Aura;
				PRODUCT_NAME = Aura;
				SDKROOT = macosx;
			};
			name = Release;
		};
		86740795EF8F84B55AC1C4DD /* Release */ = {
			isa = XCBuildConfiguration;
			buildSettings = {
				BUNDLE_LOADER = "$(TEST_HOST)";
				COMBINE_HIDPI_IMAGES = YES;
				GENERATE_INFOPLIST_FILE = YES;
				LD_RUNPATH_SEARCH_PATHS = (
					"$(inherited)",
					"@executable_path/../Frameworks",
					"@loader_path/../Frameworks",
				);
				MACOSX_DEPLOYMENT_TARGET = 14.0;
				PRODUCT_BUNDLE_IDENTIFIER = com.aura.AuraTests;
				SDKROOT = macosx;
				TEST_HOST = "$(BUILT_PRODUCTS_DIR)/Aura.app/Contents/MacOS/Aura";
			};
			name = Release;
		};
		86832F75465E67ED3C92C09B /* Release */ = {
			isa = XCBuildConfiguration;
			buildSettings = {
				ALWAYS_SEARCH_USER_PATHS = NO;
				CLANG_ANALYZER_NONNULL = YES;
				CLANG_ANALYZER_NUMBER_OBJECT_CONVERSION = YES_AGGRESSIVE;
				CLANG_CXX_LANGUAGE_STANDARD = "gnu++14";
				CLANG_CXX_LIBRARY = "libc++";
				CLANG_ENABLE_MODULES = YES;
				CLANG_ENABLE_OBJC_ARC = YES;
				CLANG_ENABLE_OBJC_WEAK = YES;
				CLANG_WARN_BLOCK_CAPTURE_AUTORELEASING = YES;
				CLANG_WARN_BOOL_CONVERSION = YES;
				CLANG_WARN_COMMA = YES;
				CLANG_WARN_CONSTANT_CONVERSION = YES;
				CLANG_WARN_DEPRECATED_OBJC_IMPLEMENTATIONS = YES;
				CLANG_WARN_DIRECT_OBJC_ISA_USAGE = YES_ERROR;
				CLANG_WARN_DOCUMENTATION_COMMENTS = YES;
				CLANG_WARN_EMPTY_BODY = YES;
				CLANG_WARN_ENUM_CONVERSION = YES;
				CLANG_WARN_INFINITE_RECURSION = YES;
				CLANG_WARN_INT_CONVERSION = YES;
				CLANG_WARN_NON_LITERAL_NULL_CONVERSION = YES;
				CLANG_WARN_OBJC_IMPLICIT_RETAIN_SELF = YES;
				CLANG_WARN_OBJC_LITERAL_CONVERSION = YES;
				CLANG_WARN_OBJC_ROOT_CLASS = YES_ERROR;
				CLANG_WARN_QUOTED_INCLUDE_IN_FRAMEWORK_HEADER = YES;
				CLANG_WARN_RANGE_LOOP_ANALYSIS = YES;
				CLANG_WARN_STRICT_PROTOTYPES = YES;
				CLANG_WARN_SUSPICIOUS_MOVE = YES;
				CLANG_WARN_UNGUARDED_AVAILABILITY = YES_AGGRESSIVE;
				CLANG_WARN_UNREACHABLE_CODE = YES;
				CLANG_WARN__DUPLICATE_METHOD_MATCH = YES;
				COPY_PHASE_STRIP = NO;
				DEBUG_INFORMATION_FORMAT = "dwarf-with-dsym";
				ENABLE_NS_ASSERTIONS = NO;
				ENABLE_STRICT_OBJC_MSGSEND = YES;
				GCC_C_LANGUAGE_STANDARD = gnu11;
				GCC_NO_COMMON_BLOCKS = YES;
				GCC_WARN_64_TO_32_BIT_CONVERSION = YES;
				GCC_WARN_ABOUT_RETURN_TYPE = YES_ERROR;
				GCC_WARN_UNDECLARED_SELECTOR = YES;
				GCC_WARN_UNINITIALIZED_AUTOS = YES_AGGRESSIVE;
				GCC_WARN_UNUSED_FUNCTION = YES;
				GCC_WARN_UNUSED_VARIABLE = YES;
				MTL_ENABLE_DEBUG_INFO = NO;
				MTL_FAST_MATH = YES;
				PRODUCT_NAME = "$(TARGET_NAME)";
				SDKROOT = macosx;
				SWIFT_COMPILATION_MODE = wholemodule;
				SWIFT_OPTIMIZATION_LEVEL = "-O";
				SWIFT_VERSION = 5.0;
			};
			name = Release;
		};
		C9706578557311FAF48F009D /* Debug */ = {
			isa = XCBuildConfiguration;
			buildSettings = {
				ALWAYS_SEARCH_USER_PATHS = NO;
				CLANG_ANALYZER_NONNULL = YES;
				CLANG_ANALYZER_NUMBER_OBJECT_CONVERSION = YES_AGGRESSIVE;
				CLANG_CXX_LANGUAGE_STANDARD = "gnu++14";
				CLANG_CXX_LIBRARY = "libc++";
				CLANG_ENABLE_MODULES = YES;
				CLANG_ENABLE_OBJC_ARC = YES;
				CLANG_ENABLE_OBJC_WEAK = YES;
				CLANG_WARN_BLOCK_CAPTURE_AUTORELEASING = YES;
				CLANG_WARN_BOOL_CONVERSION = YES;
				CLANG_WARN_COMMA = YES;
				CLANG_WARN_CONSTANT_CONVERSION = YES;
				CLANG_WARN_DEPRECATED_OBJC_IMPLEMENTATIONS = YES;
				CLANG_WARN_DIRECT_OBJC_ISA_USAGE = YES_ERROR;
				CLANG_WARN_DOCUMENTATION_COMMENTS = YES;
				CLANG_WARN_EMPTY_BODY = YES;
				CLANG_WARN_ENUM_CONVERSION = YES;
				CLANG_WARN_INFINITE_RECURSION = YES;
				CLANG_WARN_INT_CONVERSION = YES;
				CLANG_WARN_NON_LITERAL_NULL_CONVERSION = YES;
				CLANG_WARN_OBJC_IMPLICIT_RETAIN_SELF = YES;
				CLANG_WARN_OBJC_LITERAL_CONVERSION = YES;
				CLANG_WARN_OBJC_ROOT_CLASS = YES_ERROR;
				CLANG_WARN_QUOTED_INCLUDE_IN_FRAMEWORK_HEADER = YES;
				CLANG_WARN_RANGE_LOOP_ANALYSIS = YES;
				CLANG_WARN_STRICT_PROTOTYPES = YES;
				CLANG_WARN_SUSPICIOUS_MOVE = YES;
				CLANG_WARN_UNGUARDED_AVAILABILITY = YES_AGGRESSIVE;
				CLANG_WARN_UNREACHABLE_CODE = YES;
				CLANG_WARN__DUPLICATE_METHOD_MATCH = YES;
				COPY_PHASE_STRIP = NO;
				DEBUG_INFORMATION_FORMAT = dwarf;
				ENABLE_STRICT_OBJC_MSGSEND = YES;
				ENABLE_TESTABILITY = YES;
				GCC_C_LANGUAGE_STANDARD = gnu11;
				GCC_DYNAMIC_NO_PIC = NO;
				GCC_NO_COMMON_BLOCKS = YES;
				GCC_OPTIMIZATION_LEVEL = 0;
				GCC_PREPROCESSOR_DEFINITIONS = (
					"$(inherited)",
					"DEBUG=1",
				);
				GCC_WARN_64_TO_32_BIT_CONVERSION = YES;
				GCC_WARN_ABOUT_RETURN_TYPE = YES_ERROR;
				GCC_WARN_UNDECLARED_SELECTOR = YES;
				GCC_WARN_UNINITIALIZED_AUTOS = YES_AGGRESSIVE;
				GCC_WARN_UNUSED_FUNCTION = YES;
				GCC_WARN_UNUSED_VARIABLE = YES;
				MTL_ENABLE_DEBUG_INFO = INCLUDE_SOURCE;
				MTL_FAST_MATH = YES;
				ONLY_ACTIVE_ARCH = YES;
				PRODUCT_NAME = "$(TARGET_NAME)";
				SDKROOT = macosx;
				SWIFT_ACTIVE_COMPILATION_CONDITIONS = DEBUG;
				SWIFT_OPTIMIZATION_LEVEL = "-Onone";
				SWIFT_VERSION = 5.0;
			};
			name = Debug;
		};
		DBD11031BF12504E7FD563A9 /* Debug */ = {
			isa = XCBuildConfiguration;
			buildSettings = {
				BUNDLE_LOADER = "$(TEST_HOST)";
				COMBINE_HIDPI_IMAGES = YES;
				GENERATE_INFOPLIST_FILE = YES;
				LD_RUNPATH_SEARCH_PATHS = (
					"$(inherited)",
					"@executable_path/../Frameworks",
					"@loader_path/../Frameworks",
				);
				MACOSX_DEPLOYMENT_TARGET = 14.0;
				PRODUCT_BUNDLE_IDENTIFIER = com.aura.AuraTests;
				SDKROOT = macosx;
				TEST_HOST = "$(BUILT_PRODUCTS_DIR)/Aura.app/Contents/MacOS/Aura";
			};
			name = Debug;
		};
/* End XCBuildConfiguration section */

/* Begin XCConfigurationList section */
		02D60E80C51CAF8FFD577266 /* Build configuration list for PBXNativeTarget "AuraTests" */ = {
			isa = XCConfigurationList;
			buildConfigurations = (
				DBD11031BF12504E7FD563A9 /* Debug */,
				86740795EF8F84B55AC1C4DD /* Release */,
			);
			defaultConfigurationIsVisible = 0;
			defaultConfigurationName = Debug;
		};
		2DA791177B86A5E946FD17AD /* Build configuration list for PBXNativeTarget "Aura" */ = {
			isa = XCConfigurationList;
			buildConfigurations = (
				1AF98EADB6D93512BF1EE4FA /* Debug */,
				285729BD2F4393A23943EF8B /* Release */,
			);
			defaultConfigurationIsVisible = 0;
			defaultConfigurationName = Debug;
		};
		5BE1483D97C2A0314A01DE80 /* Build configuration list for PBXProject "Aura" */ = {
			isa = XCConfigurationList;
			buildConfigurations = (
				C9706578557311FAF48F009D /* Debug */,
				86832F75465E67ED3C92C09B /* Release */,
			);
			defaultConfigurationIsVisible = 0;
			defaultConfigurationName = Debug;
		};
/* End XCConfigurationList section */
	};
	rootObject = 8BD77261975AF982E9387AD3 /* Project object */;
}
